
Microsoft Visual Studio Solution File, Format Version 12.00
# Visual Studio Version 17
VisualStudioVersion = 17.4.33213.308
MinimumVisualStudioVersion = 10.0.40219.1
Project("{FAE04EC0-301F-11D3-BF4B-00C04F79EFBC}") = "Ejercicio promedio mayor", "Ejercicio promedio mayor\Ejercicio promedio mayor.csproj", "{E78630B8-BCEE-4E55-A3F9-B6506B5DAB12}"
EndProject
Global
	GlobalSection(SolutionConfigurationPlatforms) = preSolution
		Debug|Any CPU = Debug|Any CPU
		Release|Any CPU = Release|Any CPU
	EndGlobalSection
	GlobalSection(ProjectConfigurationPlatforms) = postSolution
		{E78630B8-BCEE-4E55-A3F9-B6506B5DAB12}.Debug|Any CPU.ActiveCfg = Debug|Any CPU
		{E78630B8-BCEE-4E55-A3F9-B6506B5DAB12}.Debug|Any CPU.Build.0 = Debug|Any CPU
		{E78630B8-BCEE-4E55-A3F9-B6506B5DAB12}.Release|Any CPU.ActiveCfg = Release|Any CPU
		{E78630B8-BCEE-4E55-A3F9-B6506B5DAB12}.Release|Any CPU.Build.0 = Release|Any CPU
	EndGlobalSection
	GlobalSection(SolutionProperties) = preSolution
		HideSolutionNode = FALSE
	EndGlobalSection
	GlobalSection(ExtensibilityGlobals) = postSolution
		SolutionGuid = {4DFC2A2A-9223-4F25-B090-AF24951BACC2}
	EndGlobalSection
EndGlobal
